{
  "projects": [
    {
      "projectId": "95xp9cYcv7HrNWpFWWhbcv",
      "version": "2.2.1",
      "dependencies": {},
      "lang": "ts",
      "fileLocks": [
        {
          "assetId": "95xp9cYcv7HrNWpFWWhbcv",
          "type": "projectCss",
          "checksum": "3bd5e88984ab00759caf5f883f577066"
        },
        {
          "type": "image",
          "assetId": "pAcQ-9j-MkaY",
          "checksum": "c263e67c06cb18ec9feeae243a6f8fa0"
        }
      ],
      "codegenVersion": "0.0.1"
    },
    {
      "projectId": "r6wqTHP8pUBDqvkAaarh3E",
      "version": "0.0.1",
      "dependencies": {
        "95xp9cYcv7HrNWpFWWhbcv": "2.2.1"
      },
      "lang": "ts",
      "fileLocks": [
        {
          "assetId": "r6wqTHP8pUBDqvkAaarh3E",
          "type": "projectCss",
          "checksum": "2823d277b4ca5d9ee53fa464190f5564"
        },
        {
          "type": "image",
          "assetId": "bSXI1Z8uktJBvH",
          "checksum": "dd6dc0328be5561986cefb34e26fa55e"
        }
      ],
      "codegenVersion": "0.0.1"
    },
    {
      "projectId": "adjLdLRA7wsoKYbMFGbDTh",
      "version": "0.0.1",
      "dependencies": {
        "r6wqTHP8pUBDqvkAaarh3E": "0.0.1"
      },
      "lang": "ts",
      "fileLocks": [
        {
          "type": "globalVariant",
          "assetId": "Du4QaJY8zhmfq",
          "checksum": "4769b1e26535b0a5d0c04e0fde84ae39"
        },
        {
          "type": "renderModule",
          "assetId": "EhA9mUBKziYx",
          "checksum": "3b7e6372d327fcadee13edfae30a9af4"
        },
        {
          "type": "cssRules",
          "assetId": "EhA9mUBKziYx",
          "checksum": "3b7e6372d327fcadee13edfae30a9af4"
        },
        {
          "type": "image",
          "assetId": "9ENkgWwzE",
          "checksum": "89b8d262e11935e373f3f65ffbb4d78a"
        },
        {
          "assetId": "adjLdLRA7wsoKYbMFGbDTh",
          "type": "projectCss",
          "checksum": "c34c5cabb5896a089e42b60f5efe5e29"
        }
      ],
      "codegenVersion": "0.0.1"
    },
    {
      "projectId": "caTPwKxj5ZrD9LQ7DMdK4Z",
      "version": "3.20.0",
      "dependencies": {},
      "lang": "ts",
      "fileLocks": [
        {
          "assetId": "caTPwKxj5ZrD9LQ7DMdK4Z",
          "type": "projectCss",
          "checksum": "e1ec850476829c38b0f9b6d4f7ac446a"
        }
      ],
      "codegenVersion": "0.0.1"
    },
    {
      "projectId": "r3ASNrnyvLLLAtDvzUioQ",
      "version": "3.16.0",
      "dependencies": {},
      "lang": "ts",
      "fileLocks": [
        {
          "assetId": "r3ASNrnyvLLLAtDvzUioQ",
          "type": "projectCss",
          "checksum": "97ec772be5160e37b26814fd84fdccb9"
        }
      ],
      "codegenVersion": "0.0.1"
    },
    {
      "projectId": "8PtdGodUbexNYgkuyBUcWu",
      "version": "3.16.0",
      "dependencies": {},
      "lang": "ts",
      "fileLocks": [
        {
          "assetId": "8PtdGodUbexNYgkuyBUcWu",
          "checksum": "c48776bba1b3886e93349ddfa619cee9",
          "type": "globalContexts"
        },
        {
          "assetId": "8PtdGodUbexNYgkuyBUcWu",
          "type": "projectCss",
          "checksum": "078b5be9aa4a8ea2a39b36c771c25aaa"
        }
      ],
      "codegenVersion": "0.0.1"
    },
    {
      "projectId": "ohDidvG9XsCeFumugENU3J",
      "version": "4.7.0",
      "dependencies": {},
      "lang": "ts",
      "fileLocks": [
        {
          "assetId": "ohDidvG9XsCeFumugENU3J",
          "checksum": "8f45a75070e2f0edc34a4dc3d5f6b736",
          "type": "globalContexts"
        },
        {
          "assetId": "ohDidvG9XsCeFumugENU3J",
          "type": "projectCss",
          "checksum": "fd83b730367fdbde2c69bc6cf31c2a3c"
        }
      ],
      "codegenVersion": "0.0.1"
    },
    {
      "projectId": "9Vr5YWkf3w7jj6SsTcCEta",
      "version": "0.1.0",
      "dependencies": {},
      "lang": "ts",
      "fileLocks": [
        {
          "assetId": "9Vr5YWkf3w7jj6SsTcCEta",
          "type": "projectCss",
          "checksum": "e1ec850476829c38b0f9b6d4f7ac446a"
        }
      ],
      "codegenVersion": "0.0.1"
    },
    {
      "projectId": "ssURyHgRtXzJKQ8DzunbQH",
      "version": "0.0.1",
      "dependencies": {},
      "lang": "ts",
      "fileLocks": [
        {
          "assetId": "ssURyHgRtXzJKQ8DzunbQH",
          "type": "projectCss",
          "checksum": "3bd5e88984ab00759caf5f883f577066"
        },
        {
          "type": "image",
          "assetId": "pAcQ-9j-MkaY",
          "checksum": "c263e67c06cb18ec9feeae243a6f8fa0"
        }
      ],
      "codegenVersion": "0.0.1"
    },
    {
      "projectId": "itRq7QwW9wmJbQiCYTh74Q",
      "version": "0.0.1",
      "dependencies": {},
      "lang": "ts",
      "fileLocks": [
        {
          "assetId": "itRq7QwW9wmJbQiCYTh74Q",
          "type": "projectCss",
          "checksum": "e1ec850476829c38b0f9b6d4f7ac446a"
        }
      ],
      "codegenVersion": "0.0.1"
    },
    {
      "projectId": "fxbtqTepzGcmF3m48T9FSn",
      "version": "0.0.1",
      "dependencies": {},
      "lang": "ts",
      "fileLocks": [
        {
          "assetId": "fxbtqTepzGcmF3m48T9FSn",
          "type": "projectCss",
          "checksum": "97ec772be5160e37b26814fd84fdccb9"
        }
      ],
      "codegenVersion": "0.0.1"
    },
    {
      "projectId": "aJH2W7atHTWdUPPtk11gyu",
      "version": "0.0.1",
      "dependencies": {},
      "lang": "ts",
      "fileLocks": [
        {
          "assetId": "aJH2W7atHTWdUPPtk11gyu",
          "type": "projectCss",
          "checksum": "e1ec850476829c38b0f9b6d4f7ac446a"
        }
      ],
      "codegenVersion": "0.0.1"
    },
    {
      "projectId": "nvjpN7KVZ2hf8ymxUyTsTo",
      "version": "0.0.1",
      "dependencies": {},
      "lang": "ts",
      "fileLocks": [
        {
          "assetId": "nvjpN7KVZ2hf8ymxUyTsTo",
          "type": "projectCss",
          "checksum": "078b5be9aa4a8ea2a39b36c771c25aaa"
        },
        {
          "assetId": "nvjpN7KVZ2hf8ymxUyTsTo",
          "checksum": "d0f72d1b3bda36f60e0988d56c548eeb",
          "type": "globalContexts"
        }
      ],
      "codegenVersion": "0.0.1"
    },
    {
      "projectId": "hd3DE2FDcofgfAhm4cao6V",
      "version": "0.0.1",
      "dependencies": {},
      "lang": "ts",
      "fileLocks": [
        {
          "assetId": "hd3DE2FDcofgfAhm4cao6V",
          "type": "projectCss",
          "checksum": "fd83b730367fdbde2c69bc6cf31c2a3c"
        },
        {
          "assetId": "hd3DE2FDcofgfAhm4cao6V",
          "checksum": "7b35bfe988c80fc017c5602355f424e9",
          "type": "globalContexts"
        }
      ],
      "codegenVersion": "0.0.1"
    },
    {
      "projectId": "vPxRt8CsCVSueVGGfSnXej",
      "version": "0.0.1",
      "dependencies": {
        "ssURyHgRtXzJKQ8DzunbQH": "0.0.1"
      },
      "lang": "ts",
      "fileLocks": [
        {
          "assetId": "vPxRt8CsCVSueVGGfSnXej",
          "type": "projectCss",
          "checksum": "2823d277b4ca5d9ee53fa464190f5564"
        },
        {
          "type": "image",
          "assetId": "bSXI1Z8uktJBvH",
          "checksum": "dd6dc0328be5561986cefb34e26fa55e"
        }
      ],
      "codegenVersion": "0.0.1"
    },
    {
      "projectId": "eJV4HbfxnEVLnqrd4EbnFE",
      "version": "latest",
      "dependencies": {
        "vPxRt8CsCVSueVGGfSnXej": "0.0.1",
        "hd3DE2FDcofgfAhm4cao6V": "0.0.1",
        "nvjpN7KVZ2hf8ymxUyTsTo": "0.0.1",
        "aJH2W7atHTWdUPPtk11gyu": "0.0.1",
        "fxbtqTepzGcmF3m48T9FSn": "0.0.1",
        "itRq7QwW9wmJbQiCYTh74Q": "0.0.1"
      },
      "lang": "ts",
      "fileLocks": [
        {
          "type": "globalVariant",
          "assetId": "Du4QaJY8zhmfq",
          "checksum": "4769b1e26535b0a5d0c04e0fde84ae39"
        },
        {
          "assetId": "eJV4HbfxnEVLnqrd4EbnFE",
          "checksum": "006a22eedc24210187407fb56a385768",
          "type": "globalContexts"
        },
        {
          "type": "renderModule",
          "assetId": "EhA9mUBKziYx",
          "checksum": "b3d578f1ecc36c43eedd5dab882b230c"
        },
        {
          "type": "cssRules",
          "assetId": "EhA9mUBKziYx",
          "checksum": "b3d578f1ecc36c43eedd5dab882b230c"
        },
        {
          "type": "renderModule",
          "assetId": "tRoNuHKGyd",
          "checksum": "1ab9fcdf8314eac1778e47795fc3df15"
        },
        {
          "type": "cssRules",
          "assetId": "tRoNuHKGyd",
          "checksum": "1ab9fcdf8314eac1778e47795fc3df15"
        },
        {
          "type": "renderModule",
          "assetId": "BdIvzwfxPP",
          "checksum": "84560aa4d49477b1221d48901740263d"
        },
        {
          "type": "cssRules",
          "assetId": "BdIvzwfxPP",
          "checksum": "84560aa4d49477b1221d48901740263d"
        },
        {
          "type": "renderModule",
          "assetId": "lCsb7GpUU0b",
          "checksum": "690b563a33c7db9185e439f03fb0789d"
        },
        {
          "type": "cssRules",
          "assetId": "lCsb7GpUU0b",
          "checksum": "690b563a33c7db9185e439f03fb0789d"
        },
        {
          "type": "renderModule",
          "assetId": "Xal8kmHoXUV",
          "checksum": "268afcb8bfc0eb4dbbcc0f9bbc1e5f8b"
        },
        {
          "type": "cssRules",
          "assetId": "Xal8kmHoXUV",
          "checksum": "268afcb8bfc0eb4dbbcc0f9bbc1e5f8b"
        },
        {
          "type": "renderModule",
          "assetId": "NI0AWzMMpBP",
          "checksum": "a5d4b9b2e0e80902c3472d6141b4def3"
        },
        {
          "type": "cssRules",
          "assetId": "NI0AWzMMpBP",
          "checksum": "a5d4b9b2e0e80902c3472d6141b4def3"
        },
        {
          "type": "renderModule",
          "assetId": "QNKCgkyjdXk",
          "checksum": "e7cb1cbe94c5d189977cd218ed073bc0"
        },
        {
          "type": "cssRules",
          "assetId": "QNKCgkyjdXk",
          "checksum": "e7cb1cbe94c5d189977cd218ed073bc0"
        },
        {
          "type": "renderModule",
          "assetId": "7rzM78mJWkH",
          "checksum": "52b50a340d73380e00b3197b6970eb8e"
        },
        {
          "type": "cssRules",
          "assetId": "7rzM78mJWkH",
          "checksum": "52b50a340d73380e00b3197b6970eb8e"
        },
        {
          "type": "renderModule",
          "assetId": "dYFvLDGEBe",
          "checksum": "a3941a3935155461124ce3e3ebc52cb0"
        },
        {
          "type": "cssRules",
          "assetId": "dYFvLDGEBe",
          "checksum": "a3941a3935155461124ce3e3ebc52cb0"
        },
        {
          "type": "renderModule",
          "assetId": "nehhorfRRWX",
          "checksum": "943100e5bf509dacbecc0ec8b08c86e3"
        },
        {
          "type": "cssRules",
          "assetId": "nehhorfRRWX",
          "checksum": "943100e5bf509dacbecc0ec8b08c86e3"
        },
        {
          "type": "renderModule",
          "assetId": "Of-Yy5_cNa",
          "checksum": "ff6c806b77d7d796e0f50dfd1a9426d2"
        },
        {
          "type": "cssRules",
          "assetId": "Of-Yy5_cNa",
          "checksum": "ff6c806b77d7d796e0f50dfd1a9426d2"
        },
        {
          "type": "renderModule",
          "assetId": "EjDwpL97hh",
          "checksum": "df448d6f0410387f3924f26926e64242"
        },
        {
          "type": "cssRules",
          "assetId": "EjDwpL97hh",
          "checksum": "df448d6f0410387f3924f26926e64242"
        },
        {
          "type": "renderModule",
          "assetId": "ScHFxlsSTX8",
          "checksum": "71a7892f7cf62e49bc5b9954a5193d50"
        },
        {
          "type": "cssRules",
          "assetId": "ScHFxlsSTX8",
          "checksum": "71a7892f7cf62e49bc5b9954a5193d50"
        },
        {
          "type": "renderModule",
          "assetId": "NaYBT353Ya_",
          "checksum": "75d8ed167c0687d6a5641d873456972f"
        },
        {
          "type": "cssRules",
          "assetId": "NaYBT353Ya_",
          "checksum": "75d8ed167c0687d6a5641d873456972f"
        },
        {
          "type": "renderModule",
          "assetId": "5UuQ-pHvfY",
          "checksum": "8f56f9abc2583c2abfda3919e1257901"
        },
        {
          "type": "cssRules",
          "assetId": "5UuQ-pHvfY",
          "checksum": "8f56f9abc2583c2abfda3919e1257901"
        },
        {
          "type": "renderModule",
          "assetId": "QgqknROGa4",
          "checksum": "64a014108b606f20759dec5bcec5bd68"
        },
        {
          "type": "cssRules",
          "assetId": "QgqknROGa4",
          "checksum": "64a014108b606f20759dec5bcec5bd68"
        },
        {
          "type": "renderModule",
          "assetId": "PXPe8ME1DQ",
          "checksum": "090d5364e313ff32d786af4181bd9676"
        },
        {
          "type": "cssRules",
          "assetId": "PXPe8ME1DQ",
          "checksum": "090d5364e313ff32d786af4181bd9676"
        },
        {
          "type": "renderModule",
          "assetId": "VrYzW9MhJk",
          "checksum": "9ea2a04b69356c6aa420ea742ef196ac"
        },
        {
          "type": "cssRules",
          "assetId": "VrYzW9MhJk",
          "checksum": "9ea2a04b69356c6aa420ea742ef196ac"
        },
        {
          "type": "renderModule",
          "assetId": "IvQGOVPg-N",
          "checksum": "0679084372072efe969da5dffb1dc97d"
        },
        {
          "type": "cssRules",
          "assetId": "IvQGOVPg-N",
          "checksum": "0679084372072efe969da5dffb1dc97d"
        },
        {
          "type": "renderModule",
          "assetId": "pFpBRd8Rc1x",
          "checksum": "baebb3fa613385360b3b689e52732921"
        },
        {
          "type": "cssRules",
          "assetId": "pFpBRd8Rc1x",
          "checksum": "baebb3fa613385360b3b689e52732921"
        },
        {
          "type": "renderModule",
          "assetId": "w_AtHBUrSY",
          "checksum": "55361324cc9db7c416465d324f193ee3"
        },
        {
          "type": "cssRules",
          "assetId": "w_AtHBUrSY",
          "checksum": "55361324cc9db7c416465d324f193ee3"
        },
        {
          "type": "renderModule",
          "assetId": "Ho523Dzl8-y",
          "checksum": "469ba4bce386c44e838cc450ea81b325"
        },
        {
          "type": "cssRules",
          "assetId": "Ho523Dzl8-y",
          "checksum": "469ba4bce386c44e838cc450ea81b325"
        },
        {
          "type": "renderModule",
          "assetId": "EHiw0KGfss4K",
          "checksum": "1c461b03d742ee53342fc755e042f3c5"
        },
        {
          "type": "cssRules",
          "assetId": "EHiw0KGfss4K",
          "checksum": "1c461b03d742ee53342fc755e042f3c5"
        },
        {
          "type": "icon",
          "assetId": "nGK9Tff5vcb",
          "checksum": "5dc9a127ea256e8eb8ae35405892148c"
        },
        {
          "type": "icon",
          "assetId": "9F312AYt-I8",
          "checksum": "2aebdaaf9b4aaaf95a5162f6d826d386"
        },
        {
          "type": "icon",
          "assetId": "DFUukaBqwOq",
          "checksum": "6b069d30b22df383afb72760349e3386"
        },
        {
          "type": "icon",
          "assetId": "fpqx2Qlomeq",
          "checksum": "fd5f45968ea56ebd461d1bb75d059c48"
        },
        {
          "type": "icon",
          "assetId": "rlqzA49ld7A",
          "checksum": "2c366f4bbd728d71cf134239e0f5e100"
        },
        {
          "type": "icon",
          "assetId": "Z2RuvoByA",
          "checksum": "ad8ca6410bd90ab520ab910df2e0ba87"
        },
        {
          "type": "icon",
          "assetId": "9oEdsaHjf",
          "checksum": "001f7fe9893223f9da86bea2b3ca4d9f"
        },
        {
          "type": "icon",
          "assetId": "4oCsOVXfC",
          "checksum": "7204d3cfba00a935a5e67f2d7f068f49"
        },
        {
          "type": "icon",
          "assetId": "MpVPVACJ4",
          "checksum": "c810811ae064918b1fdab28d3987c95e"
        },
        {
          "type": "image",
          "assetId": "9ENkgWwzE",
          "checksum": "b9f13941befb9198f26d1447108e9388"
        },
        {
          "type": "image",
          "assetId": "LjVey-rk1",
          "checksum": "2cfbe67affed25f2801089a5d5e2207c"
        },
        {
          "type": "image",
          "assetId": "5aFBsiyjl",
          "checksum": "3cb8e0fa612154153713919c3f067b78"
        },
        {
          "type": "image",
          "assetId": "unWuH2Pgc",
          "checksum": "9766ef465a7deef6a362e4d9830369d4"
        },
        {
          "type": "image",
          "assetId": "87d0ATcGt",
          "checksum": "68d9cefb032fab69e074028a0c9bc6c0"
        },
        {
          "type": "image",
          "assetId": "V8NH4YcKG",
          "checksum": "752553092b30d6b2cd8c9c4bed945b89"
        },
        {
          "type": "image",
          "assetId": "KdXc2Hkea",
          "checksum": "26a4646f256b6e8c89095e278f15186e"
        },
        {
          "type": "image",
          "assetId": "EgdADPjBk",
          "checksum": "e9b8e1ac9ff53cffd871aa7b0093684e"
        },
        {
          "type": "image",
          "assetId": "hIEzxaA-f",
          "checksum": "7d1daef09147b4b98b14a84d39e2ef3e"
        },
        {
          "type": "image",
          "assetId": "evZY4krzR",
          "checksum": "174a9cfc3237c80f08d04e9073e68319"
        },
        {
          "type": "image",
          "assetId": "d2Yzudzpy",
          "checksum": "c3b12fc4bee913e04cb62b44ac927f91"
        },
        {
          "type": "image",
          "assetId": "JTSMIH5Ym",
          "checksum": "3c7649434c401aa80ae602c6c7b8a090"
        },
        {
          "type": "image",
          "assetId": "kXLoQ1EcI",
          "checksum": "58424b5e67c374fbbd99d341a1232f5b"
        },
        {
          "type": "image",
          "assetId": "T2kguMllV",
          "checksum": "cfec302653e0a3cb97549cd1391b4ceb"
        },
        {
          "type": "image",
          "assetId": "eRRtrb8kH",
          "checksum": "2aa8c58c60927848878b9b0b22112a94"
        },
        {
          "type": "image",
          "assetId": "UFwLlFAd-",
          "checksum": "06f778751eb2a3143f0e3d478bee4836"
        },
        {
          "type": "image",
          "assetId": "bzeKMOF7tOBF",
          "checksum": "632832581094d1be7da60642f26743ae"
        },
        {
          "type": "renderModule",
          "assetId": "tKxiz2LS2HRq",
          "checksum": "130b59ba5b977131ab7e5badedd5cc75"
        },
        {
          "type": "cssRules",
          "assetId": "tKxiz2LS2HRq",
          "checksum": "130b59ba5b977131ab7e5badedd5cc75"
        },
        {
          "assetId": "eJV4HbfxnEVLnqrd4EbnFE",
          "type": "projectCss",
          "checksum": "73058c339f6b3da1ff539be0bdd08118"
        },
        {
          "type": "renderModule",
          "assetId": "koE18FDmK_B5",
          "checksum": "88df8bf35daf1f42125baebba20371dc"
        },
        {
          "type": "cssRules",
          "assetId": "koE18FDmK_B5",
          "checksum": "88df8bf35daf1f42125baebba20371dc"
        }
      ],
      "codegenVersion": "0.0.1"
    }
  ],
  "cliVersion": "0.1.289"
}
