{
  "projects": [
    {
      "projectId": "95xp9cYcv7HrNWpFWWhbcv",
      "version": "2.2.1",
      "dependencies": {},
      "lang": "ts",
      "fileLocks": [
        {
          "assetId": "95xp9cYcv7HrNWpFWWhbcv",
          "type": "projectCss",
          "checksum": "3bd5e88984ab00759caf5f883f577066"
        },
        {
          "type": "image",
          "assetId": "pAcQ-9j-MkaY",
          "checksum": "c263e67c06cb18ec9feeae243a6f8fa0"
        }
      ],
      "codegenVersion": "0.0.1"
    },
    {
      "projectId": "r6wqTHP8pUBDqvkAaarh3E",
      "version": "0.0.1",
      "dependencies": {
        "95xp9cYcv7HrNWpFWWhbcv": "2.2.1"
      },
      "lang": "ts",
      "fileLocks": [
        {
          "assetId": "r6wqTHP8pUBDqvkAaarh3E",
          "type": "projectCss",
          "checksum": "2823d277b4ca5d9ee53fa464190f5564"
        },
        {
          "type": "image",
          "assetId": "bSXI1Z8uktJBvH",
          "checksum": "dd6dc0328be5561986cefb34e26fa55e"
        }
      ],
      "codegenVersion": "0.0.1"
    },
    {
      "projectId": "adjLdLRA7wsoKYbMFGbDTh",
      "version": "latest",
      "dependencies": {
        "r6wqTHP8pUBDqvkAaarh3E": "0.0.1",
        "ohDidvG9XsCeFumugENU3J": "4.6.0",
        "8PtdGodUbexNYgkuyBUcWu": "3.15.0",
        "caTPwKxj5ZrD9LQ7DMdK4Z": "3.19.0",
        "r3ASNrnyvLLLAtDvzUioQ": "3.15.0",
        "9Vr5YWkf3w7jj6SsTcCEta": "0.0.1"
      },
      "lang": "ts",
      "fileLocks": [
        {
          "type": "globalVariant",
          "assetId": "Du4QaJY8zhmfq",
          "checksum": "4769b1e26535b0a5d0c04e0fde84ae39"
        },
        {
          "type": "renderModule",
          "assetId": "EhA9mUBKziYx",
          "checksum": "de7cc6d2a8aefe00c5d8c53105728d33"
        },
        {
          "type": "cssRules",
          "assetId": "EhA9mUBKziYx",
          "checksum": "de7cc6d2a8aefe00c5d8c53105728d33"
        },
        {
          "type": "image",
          "assetId": "9ENkgWwzE",
          "checksum": "b9f13941befb9198f26d1447108e9388"
        },
        {
          "type": "renderModule",
          "assetId": "tRoNuHKGyd",
          "checksum": "c5e466041fcb4e2f3bf8ceffd159f4c7"
        },
        {
          "type": "cssRules",
          "assetId": "tRoNuHKGyd",
          "checksum": "c5e466041fcb4e2f3bf8ceffd159f4c7"
        },
        {
          "type": "renderModule",
          "assetId": "BdIvzwfxPP",
          "checksum": "eb786cda99ee9bb46892faa7615dbe41"
        },
        {
          "type": "cssRules",
          "assetId": "BdIvzwfxPP",
          "checksum": "eb786cda99ee9bb46892faa7615dbe41"
        },
        {
          "type": "renderModule",
          "assetId": "lCsb7GpUU0b",
          "checksum": "f847101a10d344b9cda6f8e8af3ec9fc"
        },
        {
          "type": "cssRules",
          "assetId": "lCsb7GpUU0b",
          "checksum": "f847101a10d344b9cda6f8e8af3ec9fc"
        },
        {
          "type": "renderModule",
          "assetId": "Xal8kmHoXUV",
          "checksum": "c958de4b0f526056f45cf49cdd71f20b"
        },
        {
          "type": "cssRules",
          "assetId": "Xal8kmHoXUV",
          "checksum": "c958de4b0f526056f45cf49cdd71f20b"
        },
        {
          "type": "renderModule",
          "assetId": "NI0AWzMMpBP",
          "checksum": "3a67c6ff53c400d3ab0feb1c9ad99b3e"
        },
        {
          "type": "cssRules",
          "assetId": "NI0AWzMMpBP",
          "checksum": "3a67c6ff53c400d3ab0feb1c9ad99b3e"
        },
        {
          "type": "renderModule",
          "assetId": "QNKCgkyjdXk",
          "checksum": "aa1334b56ce8924ebdbc13fa950d5093"
        },
        {
          "type": "cssRules",
          "assetId": "QNKCgkyjdXk",
          "checksum": "aa1334b56ce8924ebdbc13fa950d5093"
        },
        {
          "type": "icon",
          "assetId": "nGK9Tff5vcb",
          "checksum": "5dc9a127ea256e8eb8ae35405892148c"
        },
        {
          "type": "icon",
          "assetId": "9F312AYt-I8",
          "checksum": "2aebdaaf9b4aaaf95a5162f6d826d386"
        },
        {
          "type": "renderModule",
          "assetId": "7rzM78mJWkH",
          "checksum": "e365c5d98da2ad3285a897a938da1324"
        },
        {
          "type": "cssRules",
          "assetId": "7rzM78mJWkH",
          "checksum": "e365c5d98da2ad3285a897a938da1324"
        },
        {
          "type": "icon",
          "assetId": "DFUukaBqwOq",
          "checksum": "6b069d30b22df383afb72760349e3386"
        },
        {
          "type": "icon",
          "assetId": "fpqx2Qlomeq",
          "checksum": "fd5f45968ea56ebd461d1bb75d059c48"
        },
        {
          "type": "image",
          "assetId": "LjVey-rk1",
          "checksum": "2cfbe67affed25f2801089a5d5e2207c"
        },
        {
          "type": "image",
          "assetId": "5aFBsiyjl",
          "checksum": "3cb8e0fa612154153713919c3f067b78"
        },
        {
          "type": "image",
          "assetId": "unWuH2Pgc",
          "checksum": "9766ef465a7deef6a362e4d9830369d4"
        },
        {
          "assetId": "adjLdLRA7wsoKYbMFGbDTh",
          "checksum": "55f7918f9fa32f15adb5f8db6d38c1fa",
          "type": "globalContexts"
        },
        {
          "type": "renderModule",
          "assetId": "dYFvLDGEBe",
          "checksum": "fa41cb335acab3a9c48b462b27e788ab"
        },
        {
          "type": "cssRules",
          "assetId": "dYFvLDGEBe",
          "checksum": "fa41cb335acab3a9c48b462b27e788ab"
        },
        {
          "type": "renderModule",
          "assetId": "nehhorfRRWX",
          "checksum": "cd0e8146dbc0ede3eff0fb2ce52acb3a"
        },
        {
          "type": "cssRules",
          "assetId": "nehhorfRRWX",
          "checksum": "cd0e8146dbc0ede3eff0fb2ce52acb3a"
        },
        {
          "type": "renderModule",
          "assetId": "Of-Yy5_cNa",
          "checksum": "4fc8bce6759a2bb9d134295704a989a8"
        },
        {
          "type": "cssRules",
          "assetId": "Of-Yy5_cNa",
          "checksum": "4fc8bce6759a2bb9d134295704a989a8"
        },
        {
          "type": "renderModule",
          "assetId": "EjDwpL97hh",
          "checksum": "01ece32923fd943dac3ed5575bde3a80"
        },
        {
          "type": "cssRules",
          "assetId": "EjDwpL97hh",
          "checksum": "01ece32923fd943dac3ed5575bde3a80"
        },
        {
          "type": "renderModule",
          "assetId": "ScHFxlsSTX8",
          "checksum": "5b7cbc5fd2c0a49028d0873fc7117585"
        },
        {
          "type": "cssRules",
          "assetId": "ScHFxlsSTX8",
          "checksum": "5b7cbc5fd2c0a49028d0873fc7117585"
        },
        {
          "type": "renderModule",
          "assetId": "NaYBT353Ya_",
          "checksum": "91c955d25314693dbd98cab7a6f3631b"
        },
        {
          "type": "cssRules",
          "assetId": "NaYBT353Ya_",
          "checksum": "91c955d25314693dbd98cab7a6f3631b"
        },
        {
          "type": "renderModule",
          "assetId": "5UuQ-pHvfY",
          "checksum": "7372f9252740c7e955bb1370b3e2f4bd"
        },
        {
          "type": "cssRules",
          "assetId": "5UuQ-pHvfY",
          "checksum": "7372f9252740c7e955bb1370b3e2f4bd"
        },
        {
          "type": "renderModule",
          "assetId": "QgqknROGa4",
          "checksum": "166b61f2dcc614af5c9a59721e214613"
        },
        {
          "type": "cssRules",
          "assetId": "QgqknROGa4",
          "checksum": "166b61f2dcc614af5c9a59721e214613"
        },
        {
          "type": "icon",
          "assetId": "rlqzA49ld7A",
          "checksum": "2c366f4bbd728d71cf134239e0f5e100"
        },
        {
          "type": "icon",
          "assetId": "Z2RuvoByA",
          "checksum": "ad8ca6410bd90ab520ab910df2e0ba87"
        },
        {
          "type": "icon",
          "assetId": "9oEdsaHjf",
          "checksum": "001f7fe9893223f9da86bea2b3ca4d9f"
        },
        {
          "type": "icon",
          "assetId": "4oCsOVXfC",
          "checksum": "7204d3cfba00a935a5e67f2d7f068f49"
        },
        {
          "type": "icon",
          "assetId": "MpVPVACJ4",
          "checksum": "c810811ae064918b1fdab28d3987c95e"
        },
        {
          "type": "image",
          "assetId": "87d0ATcGt",
          "checksum": "68d9cefb032fab69e074028a0c9bc6c0"
        },
        {
          "type": "image",
          "assetId": "V8NH4YcKG",
          "checksum": "752553092b30d6b2cd8c9c4bed945b89"
        },
        {
          "type": "image",
          "assetId": "KdXc2Hkea",
          "checksum": "26a4646f256b6e8c89095e278f15186e"
        },
        {
          "type": "image",
          "assetId": "EgdADPjBk",
          "checksum": "e9b8e1ac9ff53cffd871aa7b0093684e"
        },
        {
          "type": "image",
          "assetId": "hIEzxaA-f",
          "checksum": "7d1daef09147b4b98b14a84d39e2ef3e"
        },
        {
          "type": "image",
          "assetId": "evZY4krzR",
          "checksum": "174a9cfc3237c80f08d04e9073e68319"
        },
        {
          "type": "image",
          "assetId": "d2Yzudzpy",
          "checksum": "c3b12fc4bee913e04cb62b44ac927f91"
        },
        {
          "type": "image",
          "assetId": "JTSMIH5Ym",
          "checksum": "3c7649434c401aa80ae602c6c7b8a090"
        },
        {
          "type": "image",
          "assetId": "kXLoQ1EcI",
          "checksum": "58424b5e67c374fbbd99d341a1232f5b"
        },
        {
          "type": "renderModule",
          "assetId": "PXPe8ME1DQ",
          "checksum": "7257fdd52429dd374a74c589f592e0ef"
        },
        {
          "type": "cssRules",
          "assetId": "PXPe8ME1DQ",
          "checksum": "7257fdd52429dd374a74c589f592e0ef"
        },
        {
          "type": "image",
          "assetId": "T2kguMllV",
          "checksum": "cfec302653e0a3cb97549cd1391b4ceb"
        },
        {
          "type": "renderModule",
          "assetId": "VrYzW9MhJk",
          "checksum": "71065cb0777d391670126366fe85cd09"
        },
        {
          "type": "cssRules",
          "assetId": "VrYzW9MhJk",
          "checksum": "71065cb0777d391670126366fe85cd09"
        },
        {
          "type": "renderModule",
          "assetId": "IvQGOVPg-N",
          "checksum": "2ece18a40f5afd355e8b02ee91b76f15"
        },
        {
          "type": "cssRules",
          "assetId": "IvQGOVPg-N",
          "checksum": "2ece18a40f5afd355e8b02ee91b76f15"
        },
        {
          "type": "renderModule",
          "assetId": "pFpBRd8Rc1x",
          "checksum": "28878a76212e8f3fc2c7798346a02115"
        },
        {
          "type": "cssRules",
          "assetId": "pFpBRd8Rc1x",
          "checksum": "28878a76212e8f3fc2c7798346a02115"
        },
        {
          "type": "renderModule",
          "assetId": "w_AtHBUrSY",
          "checksum": "31721c202313f675d80c3fcf8bff4324"
        },
        {
          "type": "cssRules",
          "assetId": "w_AtHBUrSY",
          "checksum": "31721c202313f675d80c3fcf8bff4324"
        },
        {
          "type": "renderModule",
          "assetId": "Ho523Dzl8-y",
          "checksum": "2ed6ed1f3c1112b8c5c9eb308a5a08f2"
        },
        {
          "type": "cssRules",
          "assetId": "Ho523Dzl8-y",
          "checksum": "2ed6ed1f3c1112b8c5c9eb308a5a08f2"
        },
        {
          "type": "image",
          "assetId": "eRRtrb8kH",
          "checksum": "2aa8c58c60927848878b9b0b22112a94"
        },
        {
          "type": "image",
          "assetId": "UFwLlFAd-",
          "checksum": "06f778751eb2a3143f0e3d478bee4836"
        },
        {
          "assetId": "adjLdLRA7wsoKYbMFGbDTh",
          "type": "projectCss",
          "checksum": "73058c339f6b3da1ff539be0bdd08118"
        }
      ],
      "codegenVersion": "0.0.1"
    },
    {
      "projectId": "caTPwKxj5ZrD9LQ7DMdK4Z",
      "version": "3.19.0",
      "dependencies": {},
      "lang": "ts",
      "fileLocks": [
        {
          "assetId": "caTPwKxj5ZrD9LQ7DMdK4Z",
          "type": "projectCss",
          "checksum": "9fe64c4dd8439ba4d2df6de161f0ad40"
        }
      ],
      "codegenVersion": "0.0.1"
    },
    {
      "projectId": "r3ASNrnyvLLLAtDvzUioQ",
      "version": "3.15.0",
      "dependencies": {},
      "lang": "ts",
      "fileLocks": [
        {
          "assetId": "r3ASNrnyvLLLAtDvzUioQ",
          "type": "projectCss",
          "checksum": "97ec772be5160e37b26814fd84fdccb9"
        }
      ],
      "codegenVersion": "0.0.1"
    },
    {
      "projectId": "8PtdGodUbexNYgkuyBUcWu",
      "version": "3.15.0",
      "dependencies": {},
      "lang": "ts",
      "fileLocks": [
        {
          "assetId": "8PtdGodUbexNYgkuyBUcWu",
          "type": "projectCss",
          "checksum": "078b5be9aa4a8ea2a39b36c771c25aaa"
        },
        {
          "assetId": "8PtdGodUbexNYgkuyBUcWu",
          "checksum": "c48776bba1b3886e93349ddfa619cee9",
          "type": "globalContexts"
        }
      ],
      "codegenVersion": "0.0.1"
    },
    {
      "projectId": "ohDidvG9XsCeFumugENU3J",
      "version": "4.6.0",
      "dependencies": {},
      "lang": "ts",
      "fileLocks": [
        {
          "assetId": "ohDidvG9XsCeFumugENU3J",
          "type": "projectCss",
          "checksum": "fd83b730367fdbde2c69bc6cf31c2a3c"
        },
        {
          "assetId": "ohDidvG9XsCeFumugENU3J",
          "checksum": "8f45a75070e2f0edc34a4dc3d5f6b736",
          "type": "globalContexts"
        }
      ],
      "codegenVersion": "0.0.1"
    },
    {
      "projectId": "9Vr5YWkf3w7jj6SsTcCEta",
      "version": "0.0.1",
      "dependencies": {},
      "lang": "ts",
      "fileLocks": [
        {
          "assetId": "9Vr5YWkf3w7jj6SsTcCEta",
          "type": "projectCss",
          "checksum": "e1ec850476829c38b0f9b6d4f7ac446a"
        }
      ],
      "codegenVersion": "0.0.1"
    }
  ],
  "cliVersion": "0.1.289"
}
